// !$*UTF8*$!
{
	archiveVersion = 1;
	classes = {
	};
	objectVersion = 77;
	objects = {

/* Begin PBXContainerItemProxy section */
		4FCA1A012DC4FCC50061B8B0 /* PBXContainerItemProxy */ = {
			isa = PBXContainerItemProxy;
			containerPortal = 4FCA19EB2DC4FCC40061B8B0 /* Project object */;
			proxyType = 1;
			remoteGlobalIDString = 4FCA19F22DC4FCC40061B8B0;
			remoteInfo = Stempelfuchs;
		};
		4FCA1A0B2DC4FCC50061B8B0 /* PBXContainerItemProxy */ = {
			isa = PBXContainerItemProxy;
			containerPortal = 4FCA19EB2DC4FCC40061B8B0 /* Project object */;
			proxyType = 1;
			remoteGlobalIDString = 4FCA19F22DC4FCC40061B8B0;
			remoteInfo = Stempelfuchs;
		};
/* End PBXContainerItemProxy section */

/* Begin PBXFileReference section */
		4FCA19F32DC4FCC40061B8B0 /* Stempelfuchs.app */ = {isa = PBXFileReference; explicitFileType = wrapper.application; includeInIndex = 0; path = Stempelfuchs.app; sourceTree = BUILT_PRODUCTS_DIR; };
		4FCA1A002DC4FCC50061B8B0 /* StempelfuchsTests.xctest */ = {isa = PBXFileReference; explicitFileType = wrapper.cfbundle; includeInIndex = 0; path = StempelfuchsTests.xctest; sourceTree = BUILT_PRODUCTS_DIR; };
		4FCA1A0A2DC4FCC50061B8B0 /* StempelfuchsUITests.xctest */ = {isa = PBXFileReference; explicitFileType = wrapper.cfbundle; includeInIndex = 0; path = StempelfuchsUITests.xctest; sourceTree = BUILT_PRODUCTS_DIR; };
/* End PBXFileReference section */

/* Begin PBXFileSystemSynchronizedRootGroup section */
		4FCA19F52DC4FCC40061B8B0 /* Stempelfuchs */ = {
			isa = PBXFileSystemSynchronizedRootGroup;
			path = Stempelfuchs;
			sourceTree = "<group>";
		};
		4FCA1A032DC4FCC50061B8B0 /* StempelfuchsTests */ = {
			isa = PBXFileSystemSynchronizedRootGroup;
			path = StempelfuchsTests;
			sourceTree = "<group>";
		};
		4FCA1A0D2DC4FCC50061B8B0 /* StempelfuchsUITests */ = {
			isa = PBXFileSystemSynchronizedRootGroup;
			path = StempelfuchsUITests;
			sourceTree = "<group>";
		};
/* End PBXFileSystemSynchronizedRootGroup section */

/* Begin PBXFrameworksBuildPhase section */
		4FCA19F02DC4FCC40061B8B0 /* Frameworks */ = {
			isa = PBXFrameworksBuildPhase;
			buildActionMask = 2147483647;
			files = (
			);
			runOnlyForDeploymentPostprocessing = 0;
		};
		4FCA19FD2DC4FCC50061B8B0 /* Frameworks */ = {
			isa = PBXFrameworksBuildPhase;
			buildActionMask = 2147483647;
			files = (
			);
			runOnlyForDeploymentPostprocessing = 0;
		};
		4FCA1A072DC4FCC50061B8B0 /* Frameworks */ = {
			isa = PBXFrameworksBuildPhase;
			buildActionMask = 2147483647;
			files = (
			);
			runOnlyForDeploymentPostprocessing = 0;
		};
/* End PBXFrameworksBuildPhase section */

/* Begin PBXGroup section */
		4FCA19EA2DC4FCC40061B8B0 = {
			isa = PBXGroup;
			children = (
				4FCA19F52DC4FCC40061B8B0 /* Stempelfuchs */,
				4FCA1A032DC4FCC50061B8B0 /* StempelfuchsTests */,
				4FCA1A0D2DC4FCC50061B8B0 /* StempelfuchsUITests */,
				4FCA19F42DC4FCC40061B8B0 /* Products */,
			);
			sourceTree = "<group>";
		};
		4FCA19F42DC4FCC40061B8B0 /* Products */ = {
			isa = PBXGroup;
			children = (
				4FCA19F32DC4FCC40061B8B0 /* Stempelfuchs.app */,
				4FCA1A002DC4FCC50061B8B0 /* StempelfuchsTests.xctest */,
				4FCA1A0A2DC4FCC50061B8B0 /* StempelfuchsUITests.xctest */,
			);
			name = Products;
			sourceTree = "<group>";
		};
/* End PBXGroup section */

/* Begin PBXNativeTarget section */
		4FCA19F22DC4FCC40061B8B0 /* Stempelfuchs */ = {
			isa = PBXNativeTarget;
			buildConfigurationList = 4FCA1A142DC4FCC50061B8B0 /* Build configuration list for PBXNativeTarget "Stempelfuchs" */;
			buildPhases = (
				4FCA19EF2DC4FCC40061B8B0 /* Sources */,
				4FCA19F02DC4FCC40061B8B0 /* Frameworks */,
				4FCA19F12DC4FCC40061B8B0 /* Resources */,
			);
			buildRules = (
			);
			dependencies = (
			);
			fileSystemSynchronizedGroups = (
				4FCA19F52DC4FCC40061B8B0 /* Stempelfuchs */,
			);
			name = Stempelfuchs;
			packageProductDependencies = (
			);
			productName = Stempelfuchs;
			productReference = 4FCA19F32DC4FCC40061B8B0 /* Stempelfuchs.app */;
			productType = "com.apple.product-type.application";
		};
		4FCA19FF2DC4FCC50061B8B0 /* StempelfuchsTests */ = {
			isa = PBXNativeTarget;
			buildConfigurationList = 4FCA1A172DC4FCC50061B8B0 /* Build configuration list for PBXNativeTarget "StempelfuchsTests" */;
			buildPhases = (
				4FCA19FC2DC4FCC50061B8B0 /* Sources */,
				4FCA19FD2DC4FCC50061B8B0 /* Frameworks */,
				4FCA19FE2DC4FCC50061B8B0 /* Resources */,
			);
			buildRules = (
			);
			dependencies = (
				4FCA1A022DC4FCC50061B8B0 /* PBXTargetDependency */,
			);
			fileSystemSynchronizedGroups = (
				4FCA1A032DC4FCC50061B8B0 /* StempelfuchsTests */,
			);
			name = StempelfuchsTests;
			packageProductDependencies = (
			);
			productName = StempelfuchsTests;
			productReference = 4FCA1A002DC4FCC50061B8B0 /* StempelfuchsTests.xctest */;
			productType = "com.apple.product-type.bundle.unit-test";
		};
		4FCA1A092DC4FCC50061B8B0 /* StempelfuchsUITests */ = {
			isa = PBXNativeTarget;
			buildConfigurationList = 4FCA1A1A2DC4FCC50061B8B0 /* Build configuration list for PBXNativeTarget "StempelfuchsUITests" */;
			buildPhases = (
				4FCA1A062DC4FCC50061B8B0 /* Sources */,
				4FCA1A072DC4FCC50061B8B0 /* Frameworks */,
				4FCA1A082DC4FCC50061B8B0 /* Resources */,
			);
			buildRules = (
			);
			dependencies = (
				4FCA1A0C2DC4FCC50061B8B0 /* PBXTargetDependency */,
			);
			fileSystemSynchronizedGroups = (
				4FCA1A0D2DC4FCC50061B8B0 /* StempelfuchsUITests */,
			);
			name = StempelfuchsUITests;
			packageProductDependencies = (
			);
			productName = StempelfuchsUITests;
			productReference = 4FCA1A0A2DC4FCC50061B8B0 /* StempelfuchsUITests.xctest */;
			productType = "com.apple.product-type.bundle.ui-testing";
		};
/* End PBXNativeTarget section */

/* Begin PBXProject section */
		4FCA19EB2DC4FCC40061B8B0 /* Project object */ = {
			isa = PBXProject;
			attributes = {
				BuildIndependentTargetsInParallel = 1;
				LastSwiftUpdateCheck = 1630;
				LastUpgradeCheck = 1630;
				TargetAttributes = {
					4FCA19F22DC4FCC40061B8B0 = {
						CreatedOnToolsVersion = 16.3;
					};
					4FCA19FF2DC4FCC50061B8B0 = {
						CreatedOnToolsVersion = 16.3;
						TestTargetID = 4FCA19F22DC4FCC40061B8B0;
					};
					4FCA1A092DC4FCC50061B8B0 = {
						CreatedOnToolsVersion = 16.3;
						TestTargetID = 4FCA19F22DC4FCC40061B8B0;
					};
				};
			};
			buildConfigurationList = 4FCA19EE2DC4FCC40061B8B0 /* Build configuration list for PBXProject "Stempelfuchs" */;
			developmentRegion = en;
			hasScannedForEncodings = 0;
			knownRegions = (
				en,
				Base,
			);
			mainGroup = 4FCA19EA2DC4FCC40061B8B0;
			minimizedProjectReferenceProxies = 1;
			preferredProjectObjectVersion = 77;
			productRefGroup = 4FCA19F42DC4FCC40061B8B0 /* Products */;
			projectDirPath = "";
			projectRoot = "";
			targets = (
				4FCA19F22DC4FCC40061B8B0 /* Stempelfuchs */,
				4FCA19FF2DC4FCC50061B8B0 /* StempelfuchsTests */,
				4FCA1A092DC4FCC50061B8B0 /* StempelfuchsUITests */,
			);
		};
/* End PBXProject section */

/* Begin PBXResourcesBuildPhase section */
		4FCA19F12DC4FCC40061B8B0 /* Resources */ = {
			isa = PBXResourcesBuildPhase;
			buildActionMask = 2147483647;
			files = (
			);
			runOnlyForDeploymentPostprocessing = 0;
		};
		4FCA19FE2DC4FCC50061B8B0 /* Resources */ = {
			isa = PBXResourcesBuildPhase;
			buildActionMask = 2147483647;
			files = (
			);
			runOnlyForDeploymentPostprocessing = 0;
		};
		4FCA1A082DC4FCC50061B8B0 /* Resources */ = {
			isa = PBXResourcesBuildPhase;
			buildActionMask = 2147483647;
			files = (
			);
			runOnlyForDeploymentPostprocessing = 0;
		};
/* End PBXResourcesBuildPhase section */

/* Begin PBXSourcesBuildPhase section */
		4FCA19EF2DC4FCC40061B8B0 /* Sources */ = {
			isa = PBXSourcesBuildPhase;
			buildActionMask = 2147483647;
			files = (
			);
			runOnlyForDeploymentPostprocessing = 0;
		};
		4FCA19FC2DC4FCC50061B8B0 /* Sources */ = {
			isa = PBXSourcesBuildPhase;
			buildActionMask = 2147483647;
			files = (
			);
			runOnlyForDeploymentPostprocessing = 0;
		};
		4FCA1A062DC4FCC50061B8B0 /* Sources */ = {
			isa = PBXSourcesBuildPhase;
			buildActionMask = 2147483647;
			files = (
			);
			runOnlyForDeploymentPostprocessing = 0;
		};
/* End PBXSourcesBuildPhase section */

/* Begin PBXTargetDependency section */
		4FCA1A022DC4FCC50061B8B0 /* PBXTargetDependency */ = {
			isa = PBXTargetDependency;
			target = 4FCA19F22DC4FCC40061B8B0 /* Stempelfuchs */;
			targetProxy = 4FCA1A012DC4FCC50061B8B0 /* PBXContainerItemProxy */;
		};
		4FCA1A0C2DC4FCC50061B8B0 /* PBXTargetDependency */ = {
			isa = PBXTargetDependency;
			target = 4FCA19F22DC4FCC40061B8B0 /* Stempelfuchs */;
			targetProxy = 4FCA1A0B2DC4FCC50061B8B0 /* PBXContainerItemProxy */;
		};
/* End PBXTargetDependency section */

/* Begin XCBuildConfiguration section */
		4FCA1A122DC4FCC50061B8B0 /* Debug */ = {
			isa = XCBuildConfiguration;
			buildSettings = {
				ALWAYS_SEARCH_USER_PATHS = NO;
				ASSETCATALOG_COMPILER_GENERATE_SWIFT_ASSET_SYMBOL_EXTENSIONS = YES;
				CLANG_ANALYZER_NONNULL = YES;
				CLANG_ANALYZER_NUMBER_OBJECT_CONVERSION = YES_AGGRESSIVE;
				CLANG_CXX_LANGUAGE_STANDARD = "gnu++20";
				CLANG_ENABLE_MODULES = YES;
				CLANG_ENABLE_OBJC_ARC = YES;
				CLANG_ENABLE_OBJC_WEAK = YES;
				CLANG_WARN_BLOCK_CAPTURE_AUTORELEASING = YES;
				CLANG_WARN_BOOL_CONVERSION = YES;
				CLANG_WARN_COMMA = YES;
				CLANG_WARN_CONSTANT_CONVERSION = YES;
				CLANG_WARN_DEPRECATED_OBJC_IMPLEMENTATIONS = YES;
				CLANG_WARN_DIRECT_OBJC_ISA_USAGE = YES_ERROR;
				CLANG_WARN_DOCUMENTATION_COMMENTS = YES;
				CLANG_WARN_EMPTY_BODY = YES;
				CLANG_WARN_ENUM_CONVERSION = YES;
				CLANG_WARN_INFINITE_RECURSION = YES;
				CLANG_WARN_INT_CONVERSION = YES;
				CLANG_WARN_NON_LITERAL_NULL_CONVERSION = YES;
				CLANG_WARN_OBJC_IMPLICIT_RETAIN_SELF = YES;
				CLANG_WARN_OBJC_LITERAL_CONVERSION = YES;
				CLANG_WARN_OBJC_ROOT_CLASS = YES_ERROR;
				CLANG_WARN_QUOTED_INCLUDE_IN_FRAMEWORK_HEADER = YES;
				CLANG_WARN_RANGE_LOOP_ANALYSIS = YES;
				CLANG_WARN_STRICT_PROTOTYPES = YES;
				CLANG_WARN_SUSPICIOUS_MOVE = YES;
				CLANG_WARN_UNGUARDED_AVAILABILITY = YES_AGGRESSIVE;
				CLANG_WARN_UNREACHABLE_CODE = YES;
				CLANG_WARN__DUPLICATE_METHOD_MATCH = YES;
				COPY_PHASE_STRIP = NO;
				DEBUG_INFORMATION_FORMAT = dwarf;
				DEVELOPMENT_TEAM = J22R4SW38R;
				ENABLE_STRICT_OBJC_MSGSEND = YES;
				ENABLE_TESTABILITY = YES;
				ENABLE_USER_SCRIPT_SANDBOXING = YES;
				GCC_C_LANGUAGE_STANDARD = gnu17;
				GCC_DYNAMIC_NO_PIC = NO;
				GCC_NO_COMMON_BLOCKS = YES;
				GCC_OPTIMIZATION_LEVEL = 0;
				GCC_PREPROCESSOR_DEFINITIONS = (
					"DEBUG=1",
					"$(inherited)",
				);
				GCC_WARN_64_TO_32_BIT_CONVERSION = YES;
				GCC_WARN_ABOUT_RETURN_TYPE = YES_ERROR;
				GCC_WARN_UNDECLARED_SELECTOR = YES;
				GCC_WARN_UNINITIALIZED_AUTOS = YES_AGGRESSIVE;
				GCC_WARN_UNUSED_FUNCTION = YES;
				GCC_WARN_UNUSED_VARIABLE = YES;
				IPHONEOS_DEPLOYMENT_TARGET = 18.4;
				LOCALIZATION_PREFERS_STRING_CATALOGS = YES;
				MTL_ENABLE_DEBUG_INFO = INCLUDE_SOURCE;
				MTL_FAST_MATH = YES;
				ONLY_ACTIVE_ARCH = YES;
				SDKROOT = iphoneos;
				SWIFT_ACTIVE_COMPILATION_CONDITIONS = "DEBUG $(inherited)";
				SWIFT_OPTIMIZATION_LEVEL = "-Onone";
			};
			name = Debug;
		};
		4FCA1A132DC4FCC50061B8B0 /* Release */ = {
			isa = XCBuildConfiguration;
			buildSettings = {
				ALWAYS_SEARCH_USER_PATHS = NO;
				ASSETCATALOG_COMPILER_GENERATE_SWIFT_ASSET_SYMBOL_EXTENSIONS = YES;
				CLANG_ANALYZER_NONNULL = YES;
				CLANG_ANALYZER_NUMBER_OBJECT_CONVERSION = YES_AGGRESSIVE;
				CLANG_CXX_LANGUAGE_STANDARD = "gnu++20";
				CLANG_ENABLE_MODULES = YES;
				CLANG_ENABLE_OBJC_ARC = YES;
				CLANG_ENABLE_OBJC_WEAK = YES;
				CLANG_WARN_BLOCK_CAPTURE_AUTORELEASING = YES;
				CLANG_WARN_BOOL_CONVERSION = YES;
				CLANG_WARN_COMMA = YES;
				CLANG_WARN_CONSTANT_CONVERSION = YES;
				CLANG_WARN_DEPRECATED_OBJC_IMPLEMENTATIONS = YES;
				CLANG_WARN_DIRECT_OBJC_ISA_USAGE = YES_ERROR;
				CLANG_WARN_DOCUMENTATION_COMMENTS = YES;
				CLANG_WARN_EMPTY_BODY = YES;
				CLANG_WARN_ENUM_CONVERSION = YES;
				CLANG_WARN_INFINITE_RECURSION = YES;
				CLANG_WARN_INT_CONVERSION = YES;
				CLANG_WARN_NON_LITERAL_NULL_CONVERSION = YES;
				CLANG_WARN_OBJC_IMPLICIT_RETAIN_SELF = YES;
				CLANG_WARN_OBJC_LITERAL_CONVERSION = YES;
				CLANG_WARN_OBJC_ROOT_CLASS = YES_ERROR;
				CLANG_WARN_QUOTED_INCLUDE_IN_FRAMEWORK_HEADER = YES;
				CLANG_WARN_RANGE_LOOP_ANALYSIS = YES;
				CLANG_WARN_STRICT_PROTOTYPES = YES;
				CLANG_WARN_SUSPICIOUS_MOVE = YES;
				CLANG_WARN_UNGUARDED_AVAILABILITY = YES_AGGRESSIVE;
				CLANG_WARN_UNREACHABLE_CODE = YES;
				CLANG_WARN__DUPLICATE_METHOD_MATCH = YES;
				COPY_PHASE_STRIP = NO;
				DEBUG_INFORMATION_FORMAT = "dwarf-with-dsym";
				DEVELOPMENT_TEAM = J22R4SW38R;
				ENABLE_NS_ASSERTIONS = NO;
				ENABLE_STRICT_OBJC_MSGSEND = YES;
				ENABLE_USER_SCRIPT_SANDBOXING = YES;
				GCC_C_LANGUAGE_STANDARD = gnu17;
				GCC_NO_COMMON_BLOCKS = YES;
				GCC_WARN_64_TO_32_BIT_CONVERSION = YES;
				GCC_WARN_ABOUT_RETURN_TYPE = YES_ERROR;
				GCC_WARN_UNDECLARED_SELECTOR = YES;
				GCC_WARN_UNINITIALIZED_AUTOS = YES_AGGRESSIVE;
				GCC_WARN_UNUSED_FUNCTION = YES;
				GCC_WARN_UNUSED_VARIABLE = YES;
				IPHONEOS_DEPLOYMENT_TARGET = 18.4;
				LOCALIZATION_PREFERS_STRING_CATALOGS = YES;
				MTL_ENABLE_DEBUG_INFO = NO;
				MTL_FAST_MATH = YES;
				SDKROOT = iphoneos;
				SWIFT_COMPILATION_MODE = wholemodule;
				VALIDATE_PRODUCT = YES;
			};
			name = Release;
		};
		4FCA1A152DC4FCC50061B8B0 /* Debug */ = {
			isa = XCBuildConfiguration;
			buildSettings = {
				ASSETCATALOG_COMPILER_APPICON_NAME = AppIcon;
				ASSETCATALOG_COMPILER_GLOBAL_ACCENT_COLOR_NAME = AccentColor;
				CODE_SIGN_STYLE = Automatic;
				CURRENT_PROJECT_VERSION = 1;
				DEVELOPMENT_TEAM = J22R4SW38R;
				ENABLE_PREVIEWS = YES;
				GENERATE_INFOPLIST_FILE = YES;
				INFOPLIST_KEY_UIApplicationSceneManifest_Generation = YES;
				INFOPLIST_KEY_UIApplicationSupportsIndirectInputEvents = YES;
				INFOPLIST_KEY_UILaunchScreen_Generation = YES;
				INFOPLIST_KEY_UISupportedInterfaceOrientations_iPad = "UIInterfaceOrientationPortrait UIInterfaceOrientationPortraitUpsideDown UIInterfaceOrientationLandscapeLeft UIInterfaceOrientationLandscapeRight";
				INFOPLIST_KEY_UISupportedInterfaceOrientations_iPhone = "UIInterfaceOrientationPortrait UIInterfaceOrientationLandscapeLeft UIInterfaceOrientationLandscapeRight";
				LD_RUNPATH_SEARCH_PATHS = (
					"$(inherited)",
					"@executable_path/Frameworks",
				);
				MARKETING_VERSION = 1.0;
				PRODUCT_BUNDLE_IDENTIFIER = "de.dak-szwicker.ScanDetectExample.Stempelfuchs";
				PRODUCT_NAME = "$(TARGET_NAME)";
				SWIFT_EMIT_LOC_STRINGS = YES;
				SWIFT_VERSION = 5.0;
				TARGETED_DEVICE_FAMILY = "1,2";
			};
			name = Debug;
		};
		4FCA1A162DC4FCC50061B8B0 /* Release */ = {
			isa = XCBuildConfiguration;
			buildSettings = {
				ASSETCATALOG_COMPILER_APPICON_NAME = AppIcon;
				ASSETCATALOG_COMPILER_GLOBAL_ACCENT_COLOR_NAME = AccentColor;
				CODE_SIGN_STYLE = Automatic;
				CURRENT_PROJECT_VERSION = 1;
				DEVELOPMENT_TEAM = J22R4SW38R;
				ENABLE_PREVIEWS = YES;
				GENERATE_INFOPLIST_FILE = YES;
				INFOPLIST_KEY_UIApplicationSceneManifest_Generation = YES;
				INFOPLIST_KEY_UIApplicationSupportsIndirectInputEvents = YES;
				INFOPLIST_KEY_UILaunchScreen_Generation = YES;
				INFOPLIST_KEY_UISupportedInterfaceOrientations_iPad = "UIInterfaceOrientationPortrait UIInterfaceOrientationPortraitUpsideDown UIInterfaceOrientationLandscapeLeft UIInterfaceOrientationLandscapeRight";
				INFOPLIST_KEY_UISupportedInterfaceOrientations_iPhone = "UIInterfaceOrientationPortrait UIInterfaceOrientationLandscapeLeft UIInterfaceOrientationLandscapeRight";
				LD_RUNPATH_SEARCH_PATHS = (
					"$(inherited)",
					"@executable_path/Frameworks",
				);
				MARKETING_VERSION = 1.0;
				PRODUCT_BUNDLE_IDENTIFIER = "de.dak-szwicker.ScanDetectExample.Stempelfuchs";
				PRODUCT_NAME = "$(TARGET_NAME)";
				SWIFT_EMIT_LOC_STRINGS = YES;
				SWIFT_VERSION = 5.0;
				TARGETED_DEVICE_FAMILY = "1,2";
			};
			name = Release;
		};
		4FCA1A182DC4FCC50061B8B0 /* Debug */ = {
			isa = XCBuildConfiguration;
			buildSettings = {
				BUNDLE_LOADER = "$(TEST_HOST)";
				CODE_SIGN_STYLE = Automatic;
				CURRENT_PROJECT_VERSION = 1;
				DEVELOPMENT_TEAM = J22R4SW38R;
				GENERATE_INFOPLIST_FILE = YES;
				IPHONEOS_DEPLOYMENT_TARGET = 18.4;
				MARKETING_VERSION = 1.0;
				PRODUCT_BUNDLE_IDENTIFIER = "de.dak-szwicker.ScanDetectExample.StempelfuchsTests";
				PRODUCT_NAME = "$(TARGET_NAME)";
				SWIFT_EMIT_LOC_STRINGS = NO;
				SWIFT_VERSION = 5.0;
				TARGETED_DEVICE_FAMILY = "1,2";
				TEST_HOST = "$(BUILT_PRODUCTS_DIR)/Stempelfuchs.app/$(BUNDLE_EXECUTABLE_FOLDER_PATH)/Stempelfuchs";
			};
			name = Debug;
		};
		4FCA1A192DC4FCC50061B8B0 /* Release */ = {
			isa = XCBuildConfiguration;
			buildSettings = {
				BUNDLE_LOADER = "$(TEST_HOST)";
				CODE_SIGN_STYLE = Automatic;
				CURRENT_PROJECT_VERSION = 1;
				DEVELOPMENT_TEAM = J22R4SW38R;
				GENERATE_INFOPLIST_FILE = YES;
				IPHONEOS_DEPLOYMENT_TARGET = 18.4;
				MARKETING_VERSION = 1.0;
				PRODUCT_BUNDLE_IDENTIFIER = "de.dak-szwicker.ScanDetectExample.StempelfuchsTests";
				PRODUCT_NAME = "$(TARGET_NAME)";
				SWIFT_EMIT_LOC_STRINGS = NO;
				SWIFT_VERSION = 5.0;
				TARGETED_DEVICE_FAMILY = "1,2";
				TEST_HOST = "$(BUILT_PRODUCTS_DIR)/Stempelfuchs.app/$(BUNDLE_EXECUTABLE_FOLDER_PATH)/Stempelfuchs";
			};
			name = Release;
		};
		4FCA1A1B2DC4FCC50061B8B0 /* Debug */ = {
			isa = XCBuildConfiguration;
			buildSettings = {
				CODE_SIGN_STYLE = Automatic;
				CURRENT_PROJECT_VERSION = 1;
				DEVELOPMENT_TEAM = J22R4SW38R;
				GENERATE_INFOPLIST_FILE = YES;
				MARKETING_VERSION = 1.0;
				PRODUCT_BUNDLE_IDENTIFIER = "de.dak-szwicker.ScanDetectExample.StempelfuchsUITests";
				PRODUCT_NAME = "$(TARGET_NAME)";
				SWIFT_EMIT_LOC_STRINGS = NO;
				SWIFT_VERSION = 5.0;
				TARGETED_DEVICE_FAMILY = "1,2";
				TEST_TARGET_NAME = Stempelfuchs;
			};
			name = Debug;
		};
		4FCA1A1C2DC4FCC50061B8B0 /* Release */ = {
			isa = XCBuildConfiguration;
			buildSettings = {
				CODE_SIGN_STYLE = Automatic;
				CURRENT_PROJECT_VERSION = 1;
				DEVELOPMENT_TEAM = J22R4SW38R;
				GENERATE_INFOPLIST_FILE = YES;
				MARKETING_VERSION = 1.0;
				PRODUCT_BUNDLE_IDENTIFIER = "de.dak-szwicker.ScanDetectExample.StempelfuchsUITests";
				PRODUCT_NAME = "$(TARGET_NAME)";
				SWIFT_EMIT_LOC_STRINGS = NO;
				SWIFT_VERSION = 5.0;
				TARGETED_DEVICE_FAMILY = "1,2";
				TEST_TARGET_NAME = Stempelfuchs;
			};
			name = Release;
		};
/* End XCBuildConfiguration section */

/* Begin XCConfigurationList section */
		4FCA19EE2DC4FCC40061B8B0 /* Build configuration list for PBXProject "Stempelfuchs" */ = {
			isa = XCConfigurationList;
			buildConfigurations = (
				4FCA1A122DC4FCC50061B8B0 /* Debug */,
				4FCA1A132DC4FCC50061B8B0 /* Release */,
			);
			defaultConfigurationIsVisible = 0;
			defaultConfigurationName = Release;
		};
		4FCA1A142DC4FCC50061B8B0 /* Build configuration list for PBXNativeTarget "Stempelfuchs" */ = {
			isa = XCConfigurationList;
			buildConfigurations = (
				4FCA1A152DC4FCC50061B8B0 /* Debug */,
				4FCA1A162DC4FCC50061B8B0 /* Release */,
			);
			defaultConfigurationIsVisible = 0;
			defaultConfigurationName = Release;
		};
		4FCA1A172DC4FCC50061B8B0 /* Build configuration list for PBXNativeTarget "StempelfuchsTests" */ = {
			isa = XCConfigurationList;
			buildConfigurations = (
				4FCA1A182DC4FCC50061B8B0 /* Debug */,
				4FCA1A192DC4FCC50061B8B0 /* Release */,
			);
			defaultConfigurationIsVisible = 0;
			defaultConfigurationName = Release;
		};
		4FCA1A1A2DC4FCC50061B8B0 /* Build configuration list for PBXNativeTarget "StempelfuchsUITests" */ = {
			isa = XCConfigurationList;
			buildConfigurations = (
				4FCA1A1B2DC4FCC50061B8B0 /* Debug */,
				4FCA1A1C2DC4FCC50061B8B0 /* Release */,
			);
			defaultConfigurationIsVisible = 0;
			defaultConfigurationName = Release;
		};
/* End XCConfigurationList section */
	};
	rootObject = 4FCA19EB2DC4FCC40061B8B0 /* Project object */;
}
