{
  "originHash" : "ba2128ae7c72757a7890b9e088c451ad39ba76e692d86606f52435aa4e9ff86a",
  "pins" : [
    {
      "identity" : "octopus",
      "kind" : "remoteSourceControl",
      "location" : "https://github.com/simon-zwicker/Octopus",
      "state" : {
        "branch" : "main",
        "revision" : "30182a5a70cb814f7f04a6ba6c8e1cbaf89aaf97"
      }
    }
  ],
  "version" : 3
}
